# THIS IS AN AUTOGENERATED FILE. DO NOT EDIT THIS FILE DIRECTLY.
# yarn lockfile v1


fancy-canvas@2.1.0:
  version "2.1.0"
  resolved "https://registry.npmjs.org/fancy-canvas/-/fancy-canvas-2.1.0.tgz#44b40e40419ad8ef8304df365e4276767e918552"
  integrity sha512-nifxXJ95JNLFR2NgRV4/MxVP45G9909wJTEKz5fg/TZS20JJZA6hfgRVh/bC9bwl2zBtBNcYPjiBE4njQHVBwQ==
